// !$*UTF8*$!
{
	archiveVersion = 1;
	classes = {
	};
	objectVersion = 51;
	objects = {

/* Begin PBXBuildFile section */
		169872F3238D979C007DD7D1 /* AppDelegate.swift in Sources */ = {isa = PBXBuildFile; fileRef = 169872F2238D979C007DD7D1 /* AppDelegate.swift */; };
		169872F5238D979C007DD7D1 /* SceneDelegate.swift in Sources */ = {isa = PBXBuildFile; fileRef = 169872F4238D979C007DD7D1 /* SceneDelegate.swift */; };
		169872FC238D979F007DD7D1 /* Assets.xcassets in Resources */ = {isa = PBXBuildFile; fileRef = 169872FB238D979F007DD7D1 /* Assets.xcassets */; };
		169872FF238D979F007DD7D1 /* LaunchScreen.storyboard in Resources */ = {isa = PBXBuildFile; fileRef = 169872FD238D979F007DD7D1 /* LaunchScreen.storyboard */; };
		16987307238D97D3007DD7D1 /* ViewController.xib in Resources */ = {isa = PBXBuildFile; fileRef = 16987306238D97D3007DD7D1 /* ViewController.xib */; };
		169F11B523A9A3CA0015E141 /* LoginViewController.swift in Sources */ = {isa = PBXBuildFile; fileRef = 169F11B323A9A3CA0015E141 /* LoginViewController.swift */; };
		169F11B623A9A3CA0015E141 /* LoginViewController.xib in Resources */ = {isa = PBXBuildFile; fileRef = 169F11B423A9A3CA0015E141 /* LoginViewController.xib */; };
		3351FE6723E8758100B104CD /* Event.swift in Sources */ = {isa = PBXBuildFile; fileRef = 3351FE6623E8758100B104CD /* Event.swift */; };
		33BF8FD923DF432600161D03 /* ViewController.swift in Sources */ = {isa = PBXBuildFile; fileRef = 169872F6238D979C007DD7D1 /* ViewController.swift */; };
		33BF8FE623DF465E00161D03 /* TabBarViewController.swift in Sources */ = {isa = PBXBuildFile; fileRef = 33BF8FE423DF465E00161D03 /* TabBarViewController.swift */; };
		33BF8FE723DF465E00161D03 /* TabBarViewController.xib in Resources */ = {isa = PBXBuildFile; fileRef = 33BF8FE523DF465E00161D03 /* TabBarViewController.xib */; };
		33FAE67B23E87CC90044631F /* Specialty.swift in Sources */ = {isa = PBXBuildFile; fileRef = 33FAE67A23E87CC90044631F /* Specialty.swift */; };
		33FAE67D23E87D030044631F /* Cyclist.swift in Sources */ = {isa = PBXBuildFile; fileRef = 33FAE67C23E87D030044631F /* Cyclist.swift */; };
		33FAE67F23E87D410044631F /* Team.swift in Sources */ = {isa = PBXBuildFile; fileRef = 33FAE67E23E87D410044631F /* Team.swift */; };
		33FAE68123E87FB00044631F /* TeamRace.swift in Sources */ = {isa = PBXBuildFile; fileRef = 33FAE68023E87FB00044631F /* TeamRace.swift */; };
		33FAE68323E8801B0044631F /* Stage.swift in Sources */ = {isa = PBXBuildFile; fileRef = 33FAE68223E8801B0044631F /* Stage.swift */; };
		33FAE68523E880E80044631F /* DBManager.swift in Sources */ = {isa = PBXBuildFile; fileRef = 33FAE68423E880E80044631F /* DBManager.swift */; };
		43ED187623E58C5A00C31CBA /* EventsTableViewCell.swift in Sources */ = {isa = PBXBuildFile; fileRef = 43ED187423E58C5A00C31CBA /* EventsTableViewCell.swift */; };
		43ED187723E58C5A00C31CBA /* EventsTableViewCell.xib in Resources */ = {isa = PBXBuildFile; fileRef = 43ED187523E58C5A00C31CBA /* EventsTableViewCell.xib */; };
		43ED187A23E5908500C31CBA /* EventsViewController.swift in Sources */ = {isa = PBXBuildFile; fileRef = 43ED187823E5908500C31CBA /* EventsViewController.swift */; };
		43ED187B23E5908500C31CBA /* EventsViewController.xib in Resources */ = {isa = PBXBuildFile; fileRef = 43ED187923E5908500C31CBA /* EventsViewController.xib */; };
		43ED187E23E590B400C31CBA /* CiclistsViewController.swift in Sources */ = {isa = PBXBuildFile; fileRef = 43ED187C23E590B400C31CBA /* CiclistsViewController.swift */; };
		43ED187F23E590B400C31CBA /* CiclistsViewController.xib in Resources */ = {isa = PBXBuildFile; fileRef = 43ED187D23E590B400C31CBA /* CiclistsViewController.xib */; };
		C91CFE0861C2DE02EB2DA76C /* Pods_UF2Practica2.framework in Frameworks */ = {isa = PBXBuildFile; fileRef = F9782212BB399B5C75E7EC3B /* Pods_UF2Practica2.framework */; };
/* End PBXBuildFile section */

/* Begin PBXFileReference section */
		169872EF238D979C007DD7D1 /* UF2Practica2.app */ = {isa = PBXFileReference; explicitFileType = wrapper.application; includeInIndex = 0; path = UF2Practica2.app; sourceTree = BUILT_PRODUCTS_DIR; };
		169872F2238D979C007DD7D1 /* AppDelegate.swift */ = {isa = PBXFileReference; lastKnownFileType = sourcecode.swift; path = AppDelegate.swift; sourceTree = "<group>"; };
		169872F4238D979C007DD7D1 /* SceneDelegate.swift */ = {isa = PBXFileReference; lastKnownFileType = sourcecode.swift; path = SceneDelegate.swift; sourceTree = "<group>"; };
		169872F6238D979C007DD7D1 /* ViewController.swift */ = {isa = PBXFileReference; lastKnownFileType = sourcecode.swift; path = ViewController.swift; sourceTree = "<group>"; };
		169872FB238D979F007DD7D1 /* Assets.xcassets */ = {isa = PBXFileReference; lastKnownFileType = folder.assetcatalog; path = Assets.xcassets; sourceTree = "<group>"; };
		169872FE238D979F007DD7D1 /* Base */ = {isa = PBXFileReference; lastKnownFileType = file.storyboard; name = Base; path = Base.lproj/LaunchScreen.storyboard; sourceTree = "<group>"; };
		16987300238D979F007DD7D1 /* Info.plist */ = {isa = PBXFileReference; lastKnownFileType = text.plist.xml; path = Info.plist; sourceTree = "<group>"; };
		16987306238D97D3007DD7D1 /* ViewController.xib */ = {isa = PBXFileReference; lastKnownFileType = file.xib; path = ViewController.xib; sourceTree = "<group>"; };
		169F11B323A9A3CA0015E141 /* LoginViewController.swift */ = {isa = PBXFileReference; lastKnownFileType = sourcecode.swift; path = LoginViewController.swift; sourceTree = "<group>"; };
		169F11B423A9A3CA0015E141 /* LoginViewController.xib */ = {isa = PBXFileReference; lastKnownFileType = file.xib; path = LoginViewController.xib; sourceTree = "<group>"; };
		3351FE6623E8758100B104CD /* Event.swift */ = {isa = PBXFileReference; lastKnownFileType = sourcecode.swift; path = Event.swift; sourceTree = "<group>"; };
		33BF8FE423DF465E00161D03 /* TabBarViewController.swift */ = {isa = PBXFileReference; lastKnownFileType = sourcecode.swift; path = TabBarViewController.swift; sourceTree = "<group>"; };
		33BF8FE523DF465E00161D03 /* TabBarViewController.xib */ = {isa = PBXFileReference; lastKnownFileType = file.xib; path = TabBarViewController.xib; sourceTree = "<group>"; };
		33FAE67A23E87CC90044631F /* Specialty.swift */ = {isa = PBXFileReference; lastKnownFileType = sourcecode.swift; path = Specialty.swift; sourceTree = "<group>"; };
		33FAE67C23E87D030044631F /* Cyclist.swift */ = {isa = PBXFileReference; lastKnownFileType = sourcecode.swift; path = Cyclist.swift; sourceTree = "<group>"; };
		33FAE67E23E87D410044631F /* Team.swift */ = {isa = PBXFileReference; lastKnownFileType = sourcecode.swift; path = Team.swift; sourceTree = "<group>"; };
		33FAE68023E87FB00044631F /* TeamRace.swift */ = {isa = PBXFileReference; lastKnownFileType = sourcecode.swift; path = TeamRace.swift; sourceTree = "<group>"; };
		33FAE68223E8801B0044631F /* Stage.swift */ = {isa = PBXFileReference; lastKnownFileType = sourcecode.swift; path = Stage.swift; sourceTree = "<group>"; };
		33FAE68423E880E80044631F /* DBManager.swift */ = {isa = PBXFileReference; lastKnownFileType = sourcecode.swift; path = DBManager.swift; sourceTree = "<group>"; };
		43ED187423E58C5A00C31CBA /* EventsTableViewCell.swift */ = {isa = PBXFileReference; lastKnownFileType = sourcecode.swift; path = EventsTableViewCell.swift; sourceTree = "<group>"; };
		43ED187523E58C5A00C31CBA /* EventsTableViewCell.xib */ = {isa = PBXFileReference; lastKnownFileType = file.xib; path = EventsTableViewCell.xib; sourceTree = "<group>"; };
		43ED187823E5908500C31CBA /* EventsViewController.swift */ = {isa = PBXFileReference; lastKnownFileType = sourcecode.swift; path = EventsViewController.swift; sourceTree = "<group>"; };
		43ED187923E5908500C31CBA /* EventsViewController.xib */ = {isa = PBXFileReference; lastKnownFileType = file.xib; path = EventsViewController.xib; sourceTree = "<group>"; };
		43ED187C23E590B400C31CBA /* CiclistsViewController.swift */ = {isa = PBXFileReference; lastKnownFileType = sourcecode.swift; path = CiclistsViewController.swift; sourceTree = "<group>"; };
		43ED187D23E590B400C31CBA /* CiclistsViewController.xib */ = {isa = PBXFileReference; lastKnownFileType = file.xib; path = CiclistsViewController.xib; sourceTree = "<group>"; };
		971BE675AB4B03DF95163A84 /* Pods-UF2Practica2.debug.xcconfig */ = {isa = PBXFileReference; includeInIndex = 1; lastKnownFileType = text.xcconfig; name = "Pods-UF2Practica2.debug.xcconfig"; path = "Target Support Files/Pods-UF2Practica2/Pods-UF2Practica2.debug.xcconfig"; sourceTree = "<group>"; };
		B6ED757000FE631C2726F0AB /* Pods-UF2Practica2.release.xcconfig */ = {isa = PBXFileReference; includeInIndex = 1; lastKnownFileType = text.xcconfig; name = "Pods-UF2Practica2.release.xcconfig"; path = "Target Support Files/Pods-UF2Practica2/Pods-UF2Practica2.release.xcconfig"; sourceTree = "<group>"; };
		F9782212BB399B5C75E7EC3B /* Pods_UF2Practica2.framework */ = {isa = PBXFileReference; explicitFileType = wrapper.framework; includeInIndex = 0; path = Pods_UF2Practica2.framework; sourceTree = BUILT_PRODUCTS_DIR; };
/* End PBXFileReference section */

/* Begin PBXFrameworksBuildPhase section */
		169872EC238D979C007DD7D1 /* Frameworks */ = {
			isa = PBXFrameworksBuildPhase;
			buildActionMask = 2147483647;
			files = (
				C91CFE0861C2DE02EB2DA76C /* Pods_UF2Practica2.framework in Frameworks */,
			);
			runOnlyForDeploymentPostprocessing = 0;
		};
/* End PBXFrameworksBuildPhase section */

/* Begin PBXGroup section */
		0FC6711C85FCCC5C4F5D18F4 /* Frameworks */ = {
			isa = PBXGroup;
			children = (
				F9782212BB399B5C75E7EC3B /* Pods_UF2Practica2.framework */,
			);
			name = Frameworks;
			sourceTree = "<group>";
		};
		169872E6238D979C007DD7D1 = {
			isa = PBXGroup;
			children = (
				169872F1238D979C007DD7D1 /* UF2Practica2 */,
				169872F0238D979C007DD7D1 /* Products */,
				B406D5465DBCA687B3E8317B /* Pods */,
				0FC6711C85FCCC5C4F5D18F4 /* Frameworks */,
			);
			sourceTree = "<group>";
		};
		169872F0238D979C007DD7D1 /* Products */ = {
			isa = PBXGroup;
			children = (
				169872EF238D979C007DD7D1 /* UF2Practica2.app */,
			);
			name = Products;
			sourceTree = "<group>";
		};
		169872F1238D979C007DD7D1 /* UF2Practica2 */ = {
			isa = PBXGroup;
			children = (
				33BF8FE823DF470700161D03 /* Model */,
				169872F2238D979C007DD7D1 /* AppDelegate.swift */,
				169872F4238D979C007DD7D1 /* SceneDelegate.swift */,
				33BF8FD723DF40AC00161D03 /* VIew */,
				33BF8FD823DF40C600161D03 /* Controller */,
				169872FB238D979F007DD7D1 /* Assets.xcassets */,
				169872FD238D979F007DD7D1 /* LaunchScreen.storyboard */,
				16987300238D979F007DD7D1 /* Info.plist */,
			);
			path = UF2Practica2;
			sourceTree = "<group>";
		};
		33BF8FD723DF40AC00161D03 /* VIew */ = {
			isa = PBXGroup;
			children = (
				43ED187D23E590B400C31CBA /* CiclistsViewController.xib */,
				43ED187923E5908500C31CBA /* EventsViewController.xib */,
				43ED187523E58C5A00C31CBA /* EventsTableViewCell.xib */,
				33BF8FE523DF465E00161D03 /* TabBarViewController.xib */,
				16987306238D97D3007DD7D1 /* ViewController.xib */,
				169F11B423A9A3CA0015E141 /* LoginViewController.xib */,
			);
			path = VIew;
			sourceTree = "<group>";
		};
		33BF8FD823DF40C600161D03 /* Controller */ = {
			isa = PBXGroup;
			children = (
				169F11B323A9A3CA0015E141 /* LoginViewController.swift */,
				169872F6238D979C007DD7D1 /* ViewController.swift */,
				33BF8FE423DF465E00161D03 /* TabBarViewController.swift */,
				43ED187423E58C5A00C31CBA /* EventsTableViewCell.swift */,
				43ED187823E5908500C31CBA /* EventsViewController.swift */,
				43ED187C23E590B400C31CBA /* CiclistsViewController.swift */,
			);
			path = Controller;
			sourceTree = "<group>";
		};
		33BF8FE823DF470700161D03 /* Model */ = {
			isa = PBXGroup;
			children = (
				3351FE6623E8758100B104CD /* Event.swift */,
				33FAE67A23E87CC90044631F /* Specialty.swift */,
				33FAE67C23E87D030044631F /* Cyclist.swift */,
				33FAE67E23E87D410044631F /* Team.swift */,
				33FAE68023E87FB00044631F /* TeamRace.swift */,
				33FAE68223E8801B0044631F /* Stage.swift */,
				33FAE68423E880E80044631F /* DBManager.swift */,
			);
			path = Model;
			sourceTree = "<group>";
		};
		B406D5465DBCA687B3E8317B /* Pods */ = {
			isa = PBXGroup;
			children = (
				971BE675AB4B03DF95163A84 /* Pods-UF2Practica2.debug.xcconfig */,
				B6ED757000FE631C2726F0AB /* Pods-UF2Practica2.release.xcconfig */,
			);
			path = Pods;
			sourceTree = "<group>";
		};
/* End PBXGroup section */

/* Begin PBXNativeTarget section */
		169872EE238D979C007DD7D1 /* UF2Practica2 */ = {
			isa = PBXNativeTarget;
			buildConfigurationList = 16987303238D979F007DD7D1 /* Build configuration list for PBXNativeTarget "UF2Practica2" */;
			buildPhases = (
				1F0690D3A11044EA6FD9847D /* [CP] Check Pods Manifest.lock */,
				169872EB238D979C007DD7D1 /* Sources */,
				169872EC238D979C007DD7D1 /* Frameworks */,
				169872ED238D979C007DD7D1 /* Resources */,
				C615704B45EC4361E3026807 /* [CP] Embed Pods Frameworks */,
				038871C2951507E974B26F68 /* [CP] Copy Pods Resources */,
			);
			buildRules = (
			);
			dependencies = (
			);
			name = UF2Practica2;
			productName = UF2Pract1;
			productReference = 169872EF238D979C007DD7D1 /* UF2Practica2.app */;
			productType = "com.apple.product-type.application";
		};
/* End PBXNativeTarget section */

/* Begin PBXProject section */
		169872E7238D979C007DD7D1 /* Project object */ = {
			isa = PBXProject;
			attributes = {
				LastSwiftUpdateCheck = 1120;
				LastUpgradeCheck = 1120;
				ORGANIZATIONNAME = DAM2T;
				TargetAttributes = {
					169872EE238D979C007DD7D1 = {
						CreatedOnToolsVersion = 11.2.1;
					};
				};
			};
			buildConfigurationList = 169872EA238D979C007DD7D1 /* Build configuration list for PBXProject "UF2Practica2" */;
			compatibilityVersion = "Xcode 9.3";
			developmentRegion = en;
			hasScannedForEncodings = 0;
			knownRegions = (
				en,
				Base,
			);
			mainGroup = 169872E6238D979C007DD7D1;
			productRefGroup = 169872F0238D979C007DD7D1 /* Products */;
			projectDirPath = "";
			projectRoot = "";
			targets = (
				169872EE238D979C007DD7D1 /* UF2Practica2 */,
			);
		};
/* End PBXProject section */

/* Begin PBXResourcesBuildPhase section */
		169872ED238D979C007DD7D1 /* Resources */ = {
			isa = PBXResourcesBuildPhase;
			buildActionMask = 2147483647;
			files = (
				43ED187F23E590B400C31CBA /* CiclistsViewController.xib in Resources */,
				43ED187723E58C5A00C31CBA /* EventsTableViewCell.xib in Resources */,
				43ED187B23E5908500C31CBA /* EventsViewController.xib in Resources */,
				169872FF238D979F007DD7D1 /* LaunchScreen.storyboard in Resources */,
				16987307238D97D3007DD7D1 /* ViewController.xib in Resources */,
				169872FC238D979F007DD7D1 /* Assets.xcassets in Resources */,
				33BF8FE723DF465E00161D03 /* TabBarViewController.xib in Resources */,
				169F11B623A9A3CA0015E141 /* LoginViewController.xib in Resources */,
			);
			runOnlyForDeploymentPostprocessing = 0;
		};
/* End PBXResourcesBuildPhase section */

/* Begin PBXShellScriptBuildPhase section */
		038871C2951507E974B26F68 /* [CP] Copy Pods Resources */ = {
			isa = PBXShellScriptBuildPhase;
			buildActionMask = 2147483647;
			files = (
			);
			inputFileListPaths = (
				"${PODS_ROOT}/Target Support Files/Pods-UF2Practica2/Pods-UF2Practica2-resources-${CONFIGURATION}-input-files.xcfilelist",
			);
			name = "[CP] Copy Pods Resources";
			outputFileListPaths = (
				"${PODS_ROOT}/Target Support Files/Pods-UF2Practica2/Pods-UF2Practica2-resources-${CONFIGURATION}-output-files.xcfilelist",
			);
			runOnlyForDeploymentPostprocessing = 0;
			shellPath = /bin/sh;
			shellScript = "\"${PODS_ROOT}/Target Support Files/Pods-UF2Practica2/Pods-UF2Practica2-resources.sh\"\n";
			showEnvVarsInLog = 0;
		};
		1F0690D3A11044EA6FD9847D /* [CP] Check Pods Manifest.lock */ = {
			isa = PBXShellScriptBuildPhase;
			buildActionMask = 2147483647;
			files = (
			);
			inputFileListPaths = (
			);
			inputPaths = (
				"${PODS_PODFILE_DIR_PATH}/Podfile.lock",
				"${PODS_ROOT}/Manifest.lock",
			);
			name = "[CP] Check Pods Manifest.lock";
			outputFileListPaths = (
			);
			outputPaths = (
				"$(DERIVED_FILE_DIR)/Pods-UF2Practica2-checkManifestLockResult.txt",
			);
			runOnlyForDeploymentPostprocessing = 0;
			shellPath = /bin/sh;
			shellScript = "diff \"${PODS_PODFILE_DIR_PATH}/Podfile.lock\" \"${PODS_ROOT}/Manifest.lock\" > /dev/null\nif [ $? != 0 ] ; then\n    # print error to STDERR\n    echo \"error: The sandbox is not in sync with the Podfile.lock. Run 'pod install' or update your CocoaPods installation.\" >&2\n    exit 1\nfi\n# This output is used by Xcode 'outputs' to avoid re-running this script phase.\necho \"SUCCESS\" > \"${SCRIPT_OUTPUT_FILE_0}\"\n";
			showEnvVarsInLog = 0;
		};
		C615704B45EC4361E3026807 /* [CP] Embed Pods Frameworks */ = {
			isa = PBXShellScriptBuildPhase;
			buildActionMask = 2147483647;
			files = (
			);
			inputFileListPaths = (
				"${PODS_ROOT}/Target Support Files/Pods-UF2Practica2/Pods-UF2Practica2-frameworks-${CONFIGURATION}-input-files.xcfilelist",
			);
			name = "[CP] Embed Pods Frameworks";
			outputFileListPaths = (
				"${PODS_ROOT}/Target Support Files/Pods-UF2Practica2/Pods-UF2Practica2-frameworks-${CONFIGURATION}-output-files.xcfilelist",
			);
			runOnlyForDeploymentPostprocessing = 0;
			shellPath = /bin/sh;
			shellScript = "\"${PODS_ROOT}/Target Support Files/Pods-UF2Practica2/Pods-UF2Practica2-frameworks.sh\"\n";
			showEnvVarsInLog = 0;
		};
/* End PBXShellScriptBuildPhase section */

/* Begin PBXSourcesBuildPhase section */
		169872EB238D979C007DD7D1 /* Sources */ = {
			isa = PBXSourcesBuildPhase;
			buildActionMask = 2147483647;
			files = (
				43ED187E23E590B400C31CBA /* CiclistsViewController.swift in Sources */,
				3351FE6723E8758100B104CD /* Event.swift in Sources */,
				33FAE67F23E87D410044631F /* Team.swift in Sources */,
				169F11B523A9A3CA0015E141 /* LoginViewController.swift in Sources */,
				43ED187A23E5908500C31CBA /* EventsViewController.swift in Sources */,
				169872F3238D979C007DD7D1 /* AppDelegate.swift in Sources */,
				33BF8FD923DF432600161D03 /* ViewController.swift in Sources */,
				33FAE68123E87FB00044631F /* TeamRace.swift in Sources */,
				33BF8FE623DF465E00161D03 /* TabBarViewController.swift in Sources */,
				33FAE68323E8801B0044631F /* Stage.swift in Sources */,
				43ED187623E58C5A00C31CBA /* EventsTableViewCell.swift in Sources */,
				33FAE68523E880E80044631F /* DBManager.swift in Sources */,
				169872F5238D979C007DD7D1 /* SceneDelegate.swift in Sources */,
				33FAE67B23E87CC90044631F /* Specialty.swift in Sources */,
				33FAE67D23E87D030044631F /* Cyclist.swift in Sources */,
			);
			runOnlyForDeploymentPostprocessing = 0;
		};
/* End PBXSourcesBuildPhase section */

/* Begin PBXVariantGroup section */
		169872FD238D979F007DD7D1 /* LaunchScreen.storyboard */ = {
			isa = PBXVariantGroup;
			children = (
				169872FE238D979F007DD7D1 /* Base */,
			);
			name = LaunchScreen.storyboard;
			sourceTree = "<group>";
		};
/* End PBXVariantGroup section */

/* Begin XCBuildConfiguration section */
		16987301238D979F007DD7D1 /* Debug */ = {
			isa = XCBuildConfiguration;
			buildSettings = {
				ALWAYS_SEARCH_USER_PATHS = NO;
				CLANG_ANALYZER_NONNULL = YES;
				CLANG_ANALYZER_NUMBER_OBJECT_CONVERSION = YES_AGGRESSIVE;
				CLANG_CXX_LANGUAGE_STANDARD = "gnu++14";
				CLANG_CXX_LIBRARY = "libc++";
				CLANG_ENABLE_MODULES = YES;
				CLANG_ENABLE_OBJC_ARC = YES;
				CLANG_ENABLE_OBJC_WEAK = YES;
				CLANG_WARN_BLOCK_CAPTURE_AUTORELEASING = YES;
				CLANG_WARN_BOOL_CONVERSION = YES;
				CLANG_WARN_COMMA = YES;
				CLANG_WARN_CONSTANT_CONVERSION = YES;
				CLANG_WARN_DEPRECATED_OBJC_IMPLEMENTATIONS = YES;
				CLANG_WARN_DIRECT_OBJC_ISA_USAGE = YES_ERROR;
				CLANG_WARN_DOCUMENTATION_COMMENTS = YES;
				CLANG_WARN_EMPTY_BODY = YES;
				CLANG_WARN_ENUM_CONVERSION = YES;
				CLANG_WARN_INFINITE_RECURSION = YES;
				CLANG_WARN_INT_CONVERSION = YES;
				CLANG_WARN_NON_LITERAL_NULL_CONVERSION = YES;
				CLANG_WARN_OBJC_IMPLICIT_RETAIN_SELF = YES;
				CLANG_WARN_OBJC_LITERAL_CONVERSION = YES;
				CLANG_WARN_OBJC_ROOT_CLASS = YES_ERROR;
				CLANG_WARN_RANGE_LOOP_ANALYSIS = YES;
				CLANG_WARN_STRICT_PROTOTYPES = YES;
				CLANG_WARN_SUSPICIOUS_MOVE = YES;
				CLANG_WARN_UNGUARDED_AVAILABILITY = YES_AGGRESSIVE;
				CLANG_WARN_UNREACHABLE_CODE = YES;
				CLANG_WARN__DUPLICATE_METHOD_MATCH = YES;
				COPY_PHASE_STRIP = NO;
				DEBUG_INFORMATION_FORMAT = dwarf;
				ENABLE_STRICT_OBJC_MSGSEND = YES;
				ENABLE_TESTABILITY = YES;
				GCC_C_LANGUAGE_STANDARD = gnu11;
				GCC_DYNAMIC_NO_PIC = NO;
				GCC_NO_COMMON_BLOCKS = YES;
				GCC_OPTIMIZATION_LEVEL = 0;
				GCC_PREPROCESSOR_DEFINITIONS = (
					"DEBUG=1",
					"$(inherited)",
				);
				GCC_WARN_64_TO_32_BIT_CONVERSION = YES;
				GCC_WARN_ABOUT_RETURN_TYPE = YES_ERROR;
				GCC_WARN_UNDECLARED_SELECTOR = YES;
				GCC_WARN_UNINITIALIZED_AUTOS = YES_AGGRESSIVE;
				GCC_WARN_UNUSED_FUNCTION = YES;
				GCC_WARN_UNUSED_VARIABLE = YES;
				IPHONEOS_DEPLOYMENT_TARGET = 13.2;
				MTL_ENABLE_DEBUG_INFO = INCLUDE_SOURCE;
				MTL_FAST_MATH = YES;
				ONLY_ACTIVE_ARCH = YES;
				SDKROOT = iphoneos;
				SWIFT_ACTIVE_COMPILATION_CONDITIONS = DEBUG;
				SWIFT_OPTIMIZATION_LEVEL = "-Onone";
			};
			name = Debug;
		};
		16987302238D979F007DD7D1 /* Release */ = {
			isa = XCBuildConfiguration;
			buildSettings = {
				ALWAYS_SEARCH_USER_PATHS = NO;
				CLANG_ANALYZER_NONNULL = YES;
				CLANG_ANALYZER_NUMBER_OBJECT_CONVERSION = YES_AGGRESSIVE;
				CLANG_CXX_LANGUAGE_STANDARD = "gnu++14";
				CLANG_CXX_LIBRARY = "libc++";
				CLANG_ENABLE_MODULES = YES;
				CLANG_ENABLE_OBJC_ARC = YES;
				CLANG_ENABLE_OBJC_WEAK = YES;
				CLANG_WARN_BLOCK_CAPTURE_AUTORELEASING = YES;
				CLANG_WARN_BOOL_CONVERSION = YES;
				CLANG_WARN_COMMA = YES;
				CLANG_WARN_CONSTANT_CONVERSION = YES;
				CLANG_WARN_DEPRECATED_OBJC_IMPLEMENTATIONS = YES;
				CLANG_WARN_DIRECT_OBJC_ISA_USAGE = YES_ERROR;
				CLANG_WARN_DOCUMENTATION_COMMENTS = YES;
				CLANG_WARN_EMPTY_BODY = YES;
				CLANG_WARN_ENUM_CONVERSION = YES;
				CLANG_WARN_INFINITE_RECURSION = YES;
				CLANG_WARN_INT_CONVERSION = YES;
				CLANG_WARN_NON_LITERAL_NULL_CONVERSION = YES;
				CLANG_WARN_OBJC_IMPLICIT_RETAIN_SELF = YES;
				CLANG_WARN_OBJC_LITERAL_CONVERSION = YES;
				CLANG_WARN_OBJC_ROOT_CLASS = YES_ERROR;
				CLANG_WARN_RANGE_LOOP_ANALYSIS = YES;
				CLANG_WARN_STRICT_PROTOTYPES = YES;
				CLANG_WARN_SUSPICIOUS_MOVE = YES;
				CLANG_WARN_UNGUARDED_AVAILABILITY = YES_AGGRESSIVE;
				CLANG_WARN_UNREACHABLE_CODE = YES;
				CLANG_WARN__DUPLICATE_METHOD_MATCH = YES;
				COPY_PHASE_STRIP = NO;
				DEBUG_INFORMATION_FORMAT = "dwarf-with-dsym";
				ENABLE_NS_ASSERTIONS = NO;
				ENABLE_STRICT_OBJC_MSGSEND = YES;
				GCC_C_LANGUAGE_STANDARD = gnu11;
				GCC_NO_COMMON_BLOCKS = YES;
				GCC_WARN_64_TO_32_BIT_CONVERSION = YES;
				GCC_WARN_ABOUT_RETURN_TYPE = YES_ERROR;
				GCC_WARN_UNDECLARED_SELECTOR = YES;
				GCC_WARN_UNINITIALIZED_AUTOS = YES_AGGRESSIVE;
				GCC_WARN_UNUSED_FUNCTION = YES;
				GCC_WARN_UNUSED_VARIABLE = YES;
				IPHONEOS_DEPLOYMENT_TARGET = 13.2;
				MTL_ENABLE_DEBUG_INFO = NO;
				MTL_FAST_MATH = YES;
				SDKROOT = iphoneos;
				SWIFT_COMPILATION_MODE = wholemodule;
				SWIFT_OPTIMIZATION_LEVEL = "-O";
				VALIDATE_PRODUCT = YES;
			};
			name = Release;
		};
		16987304238D979F007DD7D1 /* Debug */ = {
			isa = XCBuildConfiguration;
			baseConfigurationReference = 971BE675AB4B03DF95163A84 /* Pods-UF2Practica2.debug.xcconfig */;
			buildSettings = {
				ASSETCATALOG_COMPILER_APPICON_NAME = AppIcon;
				CODE_SIGN_STYLE = Automatic;
				INFOPLIST_FILE = UF2Practica2/Info.plist;
				IPHONEOS_DEPLOYMENT_TARGET = 13.1;
				LD_RUNPATH_SEARCH_PATHS = (
					"$(inherited)",
					"@executable_path/Frameworks",
				);
				PRODUCT_BUNDLE_IDENTIFIER = com.stucom.UF2Practica2;
				PRODUCT_NAME = "$(TARGET_NAME)";
				SWIFT_VERSION = 5.0;
				TARGETED_DEVICE_FAMILY = 1;
			};
			name = Debug;
		};
		16987305238D979F007DD7D1 /* Release */ = {
			isa = XCBuildConfiguration;
			baseConfigurationReference = B6ED757000FE631C2726F0AB /* Pods-UF2Practica2.release.xcconfig */;
			buildSettings = {
				ASSETCATALOG_COMPILER_APPICON_NAME = AppIcon;
				CODE_SIGN_STYLE = Automatic;
				INFOPLIST_FILE = UF2Practica2/Info.plist;
				IPHONEOS_DEPLOYMENT_TARGET = 13.1;
				LD_RUNPATH_SEARCH_PATHS = (
					"$(inherited)",
					"@executable_path/Frameworks",
				);
				PRODUCT_BUNDLE_IDENTIFIER = com.stucom.UF2Practica2;
				PRODUCT_NAME = "$(TARGET_NAME)";
				SWIFT_VERSION = 5.0;
				TARGETED_DEVICE_FAMILY = 1;
			};
			name = Release;
		};
/* End XCBuildConfiguration section */

/* Begin XCConfigurationList section */
		169872EA238D979C007DD7D1 /* Build configuration list for PBXProject "UF2Practica2" */ = {
			isa = XCConfigurationList;
			buildConfigurations = (
				16987301238D979F007DD7D1 /* Debug */,
				16987302238D979F007DD7D1 /* Release */,
			);
			defaultConfigurationIsVisible = 0;
			defaultConfigurationName = Release;
		};
		16987303238D979F007DD7D1 /* Build configuration list for PBXNativeTarget "UF2Practica2" */ = {
			isa = XCConfigurationList;
			buildConfigurations = (
				16987304238D979F007DD7D1 /* Debug */,
				16987305238D979F007DD7D1 /* Release */,
			);
			defaultConfigurationIsVisible = 0;
			defaultConfigurationName = Release;
		};
/* End XCConfigurationList section */
	};
	rootObject = 169872E7238D979C007DD7D1 /* Project object */;
}
